
Microsoft Visual Studio Solution File, Format Version 9.00
# Visual Studio 2005
Project("{8BC9CEB8-8B4A-11D0-8D11-00A0C91BC942}") = "Frm", "Frm\Frm.vcproj", "{41DF052A-822A-494F-BADD-6E5AC010F0ED}"
	ProjectSection(ProjectDependencies) = postProject
		{FA8F5DF3-7654-4921-ACB1-28DAF6B7C881} = {FA8F5DF3-7654-4921-ACB1-28DAF6B7C881}
		{78B079BD-9FC7-4B9E-B4A6-96DA0F00248B} = {78B079BD-9FC7-4B9E-B4A6-96DA0F00248B}
		{745DEC58-EBB3-47A9-A9B8-4C6627C01BF8} = {745DEC58-EBB3-47A9-A9B8-4C6627C01BF8}
		{78798515-FC8F-4EB8-A768-52EC853DA599} = {78798515-FC8F-4EB8-A768-52EC853DA599}
		{0008960E-E0DD-41A6-8265-00B31DDB4C21} = {0008960E-E0DD-41A6-8265-00B31DDB4C21}
	EndProjectSection
EndProject
Project("{8BC9CEB8-8B4A-11D0-8D11-00A0C91BC942}") = "PDF4Ax", "PDF4Ax\PDF4Ax.vcproj", "{A49352C1-7D99-40FA-A381-F2D9242C83E7}"
	ProjectSection(ProjectDependencies) = postProject
		{0008960E-E0DD-41A6-8265-00B31DDB4C21} = {0008960E-E0DD-41A6-8265-00B31DDB4C21}
		{78798515-FC8F-4EB8-A768-52EC853DA599} = {78798515-FC8F-4EB8-A768-52EC853DA599}
		{745DEC58-EBB3-47A9-A9B8-4C6627C01BF8} = {745DEC58-EBB3-47A9-A9B8-4C6627C01BF8}
		{78B079BD-9FC7-4B9E-B4A6-96DA0F00248B} = {78B079BD-9FC7-4B9E-B4A6-96DA0F00248B}
		{FA8F5DF3-7654-4921-ACB1-28DAF6B7C881} = {FA8F5DF3-7654-4921-ACB1-28DAF6B7C881}
		{0F1D6674-D802-4AC0-A4C3-14FCB8EE8854} = {0F1D6674-D802-4AC0-A4C3-14FCB8EE8854}
	EndProjectSection
EndProject
Project("{8BC9CEB8-8B4A-11D0-8D11-00A0C91BC942}") = "zlibstat", "zlib\contrib\vstudio\vc8\zlibstat.vcproj", "{745DEC58-EBB3-47A9-A9B8-4C6627C01BF8}"
EndProject
Project("{8BC9CEB8-8B4A-11D0-8D11-00A0C91BC942}") = "libpng", "libpng\projects\visualc8\libpng.vcproj", "{0008960E-E0DD-41A6-8265-00B31DDB4C21}"
	ProjectSection(ProjectDependencies) = postProject
		{745DEC58-EBB3-47A9-A9B8-4C6627C01BF8} = {745DEC58-EBB3-47A9-A9B8-4C6627C01BF8}
	EndProjectSection
EndProject
Project("{8BC9CEB8-8B4A-11D0-8D11-00A0C91BC942}") = "libjpeg", "jpeg\libjpeg\libjpeg.vcproj", "{78798515-FC8F-4EB8-A768-52EC853DA599}"
EndProject
Project("{8BC9CEB8-8B4A-11D0-8D11-00A0C91BC942}") = "freetype", "freetype\builds\win32\vc2005\freetype.vcproj", "{78B079BD-9FC7-4B9E-B4A6-96DA0F00248B}"
EndProject
Project("{8BC9CEB8-8B4A-11D0-8D11-00A0C91BC942}") = "poppler", "poppler\poppler.vcproj", "{FA8F5DF3-7654-4921-ACB1-28DAF6B7C881}"
	ProjectSection(ProjectDependencies) = postProject
		{78798515-FC8F-4EB8-A768-52EC853DA599} = {78798515-FC8F-4EB8-A768-52EC853DA599}
		{78B079BD-9FC7-4B9E-B4A6-96DA0F00248B} = {78B079BD-9FC7-4B9E-B4A6-96DA0F00248B}
		{0008960E-E0DD-41A6-8265-00B31DDB4C21} = {0008960E-E0DD-41A6-8265-00B31DDB4C21}
		{0F1D6674-D802-4AC0-A4C3-14FCB8EE8854} = {0F1D6674-D802-4AC0-A4C3-14FCB8EE8854}
		{745DEC58-EBB3-47A9-A9B8-4C6627C01BF8} = {745DEC58-EBB3-47A9-A9B8-4C6627C01BF8}
	EndProjectSection
EndProject
Project("{8BC9CEB8-8B4A-11D0-8D11-00A0C91BC942}") = "lcms", "lcms\Projects\VC2005\lcms.vcproj", "{0F1D6674-D802-4AC0-A4C3-14FCB8EE8854}"
EndProject
Global
	GlobalSection(SolutionConfigurationPlatforms) = preSolution
		Debug|Win32 = Debug|Win32
		Debug|x64 = Debug|x64
		Release|Win32 = Release|Win32
		Release|x64 = Release|x64
	EndGlobalSection
	GlobalSection(ProjectConfigurationPlatforms) = postSolution
		{41DF052A-822A-494F-BADD-6E5AC010F0ED}.Debug|Win32.ActiveCfg = Debug|Win32
		{41DF052A-822A-494F-BADD-6E5AC010F0ED}.Debug|x64.ActiveCfg = Debug|Win32
		{41DF052A-822A-494F-BADD-6E5AC010F0ED}.Release|Win32.ActiveCfg = Release|Win32
		{41DF052A-822A-494F-BADD-6E5AC010F0ED}.Release|x64.ActiveCfg = Release|Win32
		{A49352C1-7D99-40FA-A381-F2D9242C83E7}.Debug|Win32.ActiveCfg = Debug|Win32
		{A49352C1-7D99-40FA-A381-F2D9242C83E7}.Debug|Win32.Build.0 = Debug|Win32
		{A49352C1-7D99-40FA-A381-F2D9242C83E7}.Debug|x64.ActiveCfg = Debug|Win32
		{A49352C1-7D99-40FA-A381-F2D9242C83E7}.Release|Win32.ActiveCfg = Release|Win32
		{A49352C1-7D99-40FA-A381-F2D9242C83E7}.Release|Win32.Build.0 = Release|Win32
		{A49352C1-7D99-40FA-A381-F2D9242C83E7}.Release|x64.ActiveCfg = Release|Win32
		{745DEC58-EBB3-47A9-A9B8-4C6627C01BF8}.Debug|Win32.ActiveCfg = Debug|Win32
		{745DEC58-EBB3-47A9-A9B8-4C6627C01BF8}.Debug|Win32.Build.0 = Debug|Win32
		{745DEC58-EBB3-47A9-A9B8-4C6627C01BF8}.Debug|x64.ActiveCfg = Debug|x64
		{745DEC58-EBB3-47A9-A9B8-4C6627C01BF8}.Debug|x64.Build.0 = Debug|x64
		{745DEC58-EBB3-47A9-A9B8-4C6627C01BF8}.Release|Win32.ActiveCfg = ReleaseWithoutAsm|Win32
		{745DEC58-EBB3-47A9-A9B8-4C6627C01BF8}.Release|Win32.Build.0 = ReleaseWithoutAsm|Win32
		{745DEC58-EBB3-47A9-A9B8-4C6627C01BF8}.Release|x64.ActiveCfg = Release|x64
		{745DEC58-EBB3-47A9-A9B8-4C6627C01BF8}.Release|x64.Build.0 = Release|x64
		{0008960E-E0DD-41A6-8265-00B31DDB4C21}.Debug|Win32.ActiveCfg = LIB Debug|Win32
		{0008960E-E0DD-41A6-8265-00B31DDB4C21}.Debug|Win32.Build.0 = LIB Debug|Win32
		{0008960E-E0DD-41A6-8265-00B31DDB4C21}.Debug|x64.ActiveCfg = DLL VB|Win32
		{0008960E-E0DD-41A6-8265-00B31DDB4C21}.Release|Win32.ActiveCfg = LIB Release|Win32
		{0008960E-E0DD-41A6-8265-00B31DDB4C21}.Release|Win32.Build.0 = LIB Release|Win32
		{0008960E-E0DD-41A6-8265-00B31DDB4C21}.Release|x64.ActiveCfg = LIB Debug|Win32
		{78798515-FC8F-4EB8-A768-52EC853DA599}.Debug|Win32.ActiveCfg = Debug|Win32
		{78798515-FC8F-4EB8-A768-52EC853DA599}.Debug|Win32.Build.0 = Debug|Win32
		{78798515-FC8F-4EB8-A768-52EC853DA599}.Debug|x64.ActiveCfg = Debug|Win32
		{78798515-FC8F-4EB8-A768-52EC853DA599}.Release|Win32.ActiveCfg = Release|Win32
		{78798515-FC8F-4EB8-A768-52EC853DA599}.Release|Win32.Build.0 = Release|Win32
		{78798515-FC8F-4EB8-A768-52EC853DA599}.Release|x64.ActiveCfg = Release|Win32
		{78B079BD-9FC7-4B9E-B4A6-96DA0F00248B}.Debug|Win32.ActiveCfg = Debug|Win32
		{78B079BD-9FC7-4B9E-B4A6-96DA0F00248B}.Debug|Win32.Build.0 = Debug|Win32
		{78B079BD-9FC7-4B9E-B4A6-96DA0F00248B}.Debug|x64.ActiveCfg = Debug|Win32
		{78B079BD-9FC7-4B9E-B4A6-96DA0F00248B}.Release|Win32.ActiveCfg = Release Multithreaded|Win32
		{78B079BD-9FC7-4B9E-B4A6-96DA0F00248B}.Release|Win32.Build.0 = Release Multithreaded|Win32
		{78B079BD-9FC7-4B9E-B4A6-96DA0F00248B}.Release|x64.ActiveCfg = Release|Win32
		{FA8F5DF3-7654-4921-ACB1-28DAF6B7C881}.Debug|Win32.ActiveCfg = Debug|Win32
		{FA8F5DF3-7654-4921-ACB1-28DAF6B7C881}.Debug|Win32.Build.0 = Debug|Win32
		{FA8F5DF3-7654-4921-ACB1-28DAF6B7C881}.Debug|x64.ActiveCfg = Debug|Win32
		{FA8F5DF3-7654-4921-ACB1-28DAF6B7C881}.Release|Win32.ActiveCfg = Release|Win32
		{FA8F5DF3-7654-4921-ACB1-28DAF6B7C881}.Release|Win32.Build.0 = Release|Win32
		{FA8F5DF3-7654-4921-ACB1-28DAF6B7C881}.Release|x64.ActiveCfg = Release|Win32
		{0F1D6674-D802-4AC0-A4C3-14FCB8EE8854}.Debug|Win32.ActiveCfg = Debug|Win32
		{0F1D6674-D802-4AC0-A4C3-14FCB8EE8854}.Debug|Win32.Build.0 = Debug|Win32
		{0F1D6674-D802-4AC0-A4C3-14FCB8EE8854}.Debug|x64.ActiveCfg = Debug|Win32
		{0F1D6674-D802-4AC0-A4C3-14FCB8EE8854}.Release|Win32.ActiveCfg = Release|Win32
		{0F1D6674-D802-4AC0-A4C3-14FCB8EE8854}.Release|Win32.Build.0 = Release|Win32
		{0F1D6674-D802-4AC0-A4C3-14FCB8EE8854}.Release|x64.ActiveCfg = Release|Win32
	EndGlobalSection
	GlobalSection(SolutionProperties) = preSolution
		HideSolutionNode = FALSE
	EndGlobalSection
EndGlobal
