Microsoft Visual Studio Solution File, Format Version 9.00
# Visual Studio 2005
Project("{8BC9CEB8-8B4A-11D0-8D11-00A0C91BC942}") = "ALL_BUILD", "ALL_BUILD.vcproj", "{BE9805E2-19ED-475A-828E-412231C6D0AD}"
	ProjectSection(ProjectDependencies) = postProject
		{DF6BDDBF-B0A1-4B4B-A96F-FB14D398D651} = {DF6BDDBF-B0A1-4B4B-A96F-FB14D398D651}
		{07B9AD94-1234-40E3-BF7C-77CD2EB1D6A1} = {07B9AD94-1234-40E3-BF7C-77CD2EB1D6A1}
		{D5881E6E-806A-457D-BB5B-6AFAD428B1CC} = {D5881E6E-806A-457D-BB5B-6AFAD428B1CC}
		{EA2A4C40-A0E5-4E60-A26E-7BFAF83D4318} = {EA2A4C40-A0E5-4E60-A26E-7BFAF83D4318}
		{77D81F5F-60FC-4859-8C94-047C5D0FB067} = {77D81F5F-60FC-4859-8C94-047C5D0FB067}
		{427A37C2-21B2-4325-93D9-BB1E8F357301} = {427A37C2-21B2-4325-93D9-BB1E8F357301}
		{ECD02E19-7763-4225-BB52-28706FFB5C3E} = {ECD02E19-7763-4225-BB52-28706FFB5C3E}
		{45C743A2-A2B5-40C1-BC16-9C6EBF881A39} = {45C743A2-A2B5-40C1-BC16-9C6EBF881A39}
		{286B5A48-0700-4923-9958-2ED7F88651D9} = {286B5A48-0700-4923-9958-2ED7F88651D9}
		{67A360D2-BC20-4B26-B99F-C3C265E87A54} = {67A360D2-BC20-4B26-B99F-C3C265E87A54}
		{6E7D3AC7-F1C2-40C1-B376-5684E3E75757} = {6E7D3AC7-F1C2-40C1-B376-5684E3E75757}
		{FA8F5DF3-7654-4921-ACB1-28DAF6B7C881} = {FA8F5DF3-7654-4921-ACB1-28DAF6B7C881}
	EndProjectSection
EndProject
Project("{8BC9CEB8-8B4A-11D0-8D11-00A0C91BC942}") = "INSTALL", "INSTALL.vcproj", "{B1E17DE8-8F9F-4746-9F80-7F210E80D2A3}"
	ProjectSection(ProjectDependencies) = postProject
		{BE9805E2-19ED-475A-828E-412231C6D0AD} = {BE9805E2-19ED-475A-828E-412231C6D0AD}
	EndProjectSection
EndProject
Project("{8BC9CEB8-8B4A-11D0-8D11-00A0C91BC942}") = "RUN_TESTS", "RUN_TESTS.vcproj", "{EC905EF8-E540-41EA-9F1A-2C991304E66C}"
	ProjectSection(ProjectDependencies) = postProject
	EndProjectSection
EndProject
Project("{8BC9CEB8-8B4A-11D0-8D11-00A0C91BC942}") = "ZERO_CHECK", "ZERO_CHECK.vcproj", "{DF6BDDBF-B0A1-4B4B-A96F-FB14D398D651}"
	ProjectSection(ProjectDependencies) = postProject
	EndProjectSection
EndProject
Project("{8BC9CEB8-8B4A-11D0-8D11-00A0C91BC942}") = "pdf-fullrewrite", "test\pdf-fullrewrite.vcproj", "{07B9AD94-1234-40E3-BF7C-77CD2EB1D6A1}"
	ProjectSection(ProjectDependencies) = postProject
		{DF6BDDBF-B0A1-4B4B-A96F-FB14D398D651} = {DF6BDDBF-B0A1-4B4B-A96F-FB14D398D651}
		{FA8F5DF3-7654-4921-ACB1-28DAF6B7C881} = {FA8F5DF3-7654-4921-ACB1-28DAF6B7C881}
	EndProjectSection
EndProject
Project("{8BC9CEB8-8B4A-11D0-8D11-00A0C91BC942}") = "pdffonts", "utils\pdffonts.vcproj", "{D5881E6E-806A-457D-BB5B-6AFAD428B1CC}"
	ProjectSection(ProjectDependencies) = postProject
		{DF6BDDBF-B0A1-4B4B-A96F-FB14D398D651} = {DF6BDDBF-B0A1-4B4B-A96F-FB14D398D651}
		{FA8F5DF3-7654-4921-ACB1-28DAF6B7C881} = {FA8F5DF3-7654-4921-ACB1-28DAF6B7C881}
	EndProjectSection
EndProject
Project("{8BC9CEB8-8B4A-11D0-8D11-00A0C91BC942}") = "pdfimages", "utils\pdfimages.vcproj", "{EA2A4C40-A0E5-4E60-A26E-7BFAF83D4318}"
	ProjectSection(ProjectDependencies) = postProject
		{DF6BDDBF-B0A1-4B4B-A96F-FB14D398D651} = {DF6BDDBF-B0A1-4B4B-A96F-FB14D398D651}
		{FA8F5DF3-7654-4921-ACB1-28DAF6B7C881} = {FA8F5DF3-7654-4921-ACB1-28DAF6B7C881}
	EndProjectSection
EndProject
Project("{8BC9CEB8-8B4A-11D0-8D11-00A0C91BC942}") = "pdfinfo", "utils\pdfinfo.vcproj", "{77D81F5F-60FC-4859-8C94-047C5D0FB067}"
	ProjectSection(ProjectDependencies) = postProject
		{DF6BDDBF-B0A1-4B4B-A96F-FB14D398D651} = {DF6BDDBF-B0A1-4B4B-A96F-FB14D398D651}
		{FA8F5DF3-7654-4921-ACB1-28DAF6B7C881} = {FA8F5DF3-7654-4921-ACB1-28DAF6B7C881}
	EndProjectSection
EndProject
Project("{8BC9CEB8-8B4A-11D0-8D11-00A0C91BC942}") = "pdfseparate", "utils\pdfseparate.vcproj", "{427A37C2-21B2-4325-93D9-BB1E8F357301}"
	ProjectSection(ProjectDependencies) = postProject
		{DF6BDDBF-B0A1-4B4B-A96F-FB14D398D651} = {DF6BDDBF-B0A1-4B4B-A96F-FB14D398D651}
		{FA8F5DF3-7654-4921-ACB1-28DAF6B7C881} = {FA8F5DF3-7654-4921-ACB1-28DAF6B7C881}
	EndProjectSection
EndProject
Project("{8BC9CEB8-8B4A-11D0-8D11-00A0C91BC942}") = "pdftohtml", "utils\pdftohtml.vcproj", "{ECD02E19-7763-4225-BB52-28706FFB5C3E}"
	ProjectSection(ProjectDependencies) = postProject
		{DF6BDDBF-B0A1-4B4B-A96F-FB14D398D651} = {DF6BDDBF-B0A1-4B4B-A96F-FB14D398D651}
		{FA8F5DF3-7654-4921-ACB1-28DAF6B7C881} = {FA8F5DF3-7654-4921-ACB1-28DAF6B7C881}
	EndProjectSection
EndProject
Project("{8BC9CEB8-8B4A-11D0-8D11-00A0C91BC942}") = "pdftoppm", "utils\pdftoppm.vcproj", "{45C743A2-A2B5-40C1-BC16-9C6EBF881A39}"
	ProjectSection(ProjectDependencies) = postProject
		{DF6BDDBF-B0A1-4B4B-A96F-FB14D398D651} = {DF6BDDBF-B0A1-4B4B-A96F-FB14D398D651}
		{FA8F5DF3-7654-4921-ACB1-28DAF6B7C881} = {FA8F5DF3-7654-4921-ACB1-28DAF6B7C881}
	EndProjectSection
EndProject
Project("{8BC9CEB8-8B4A-11D0-8D11-00A0C91BC942}") = "pdftops", "utils\pdftops.vcproj", "{286B5A48-0700-4923-9958-2ED7F88651D9}"
	ProjectSection(ProjectDependencies) = postProject
		{DF6BDDBF-B0A1-4B4B-A96F-FB14D398D651} = {DF6BDDBF-B0A1-4B4B-A96F-FB14D398D651}
		{FA8F5DF3-7654-4921-ACB1-28DAF6B7C881} = {FA8F5DF3-7654-4921-ACB1-28DAF6B7C881}
	EndProjectSection
EndProject
Project("{8BC9CEB8-8B4A-11D0-8D11-00A0C91BC942}") = "pdftotext", "utils\pdftotext.vcproj", "{67A360D2-BC20-4B26-B99F-C3C265E87A54}"
	ProjectSection(ProjectDependencies) = postProject
		{DF6BDDBF-B0A1-4B4B-A96F-FB14D398D651} = {DF6BDDBF-B0A1-4B4B-A96F-FB14D398D651}
		{FA8F5DF3-7654-4921-ACB1-28DAF6B7C881} = {FA8F5DF3-7654-4921-ACB1-28DAF6B7C881}
	EndProjectSection
EndProject
Project("{8BC9CEB8-8B4A-11D0-8D11-00A0C91BC942}") = "pdfunite", "utils\pdfunite.vcproj", "{6E7D3AC7-F1C2-40C1-B376-5684E3E75757}"
	ProjectSection(ProjectDependencies) = postProject
		{DF6BDDBF-B0A1-4B4B-A96F-FB14D398D651} = {DF6BDDBF-B0A1-4B4B-A96F-FB14D398D651}
		{FA8F5DF3-7654-4921-ACB1-28DAF6B7C881} = {FA8F5DF3-7654-4921-ACB1-28DAF6B7C881}
	EndProjectSection
EndProject
Project("{8BC9CEB8-8B4A-11D0-8D11-00A0C91BC942}") = "poppler", "poppler.vcproj", "{FA8F5DF3-7654-4921-ACB1-28DAF6B7C881}"
	ProjectSection(ProjectDependencies) = postProject
		{DF6BDDBF-B0A1-4B4B-A96F-FB14D398D651} = {DF6BDDBF-B0A1-4B4B-A96F-FB14D398D651}
	EndProjectSection
EndProject
Global
	GlobalSection(SolutionConfigurationPlatforms) = preSolution
		Debug|Win32 = Debug|Win32
		Release|Win32 = Release|Win32
		MinSizeRel|Win32 = MinSizeRel|Win32
		RelWithDebInfo|Win32 = RelWithDebInfo|Win32
	EndGlobalSection
	GlobalSection(ProjectConfigurationPlatforms) = postSolution
		{BE9805E2-19ED-475A-828E-412231C6D0AD}.Debug|Win32.ActiveCfg = Debug|Win32
		{BE9805E2-19ED-475A-828E-412231C6D0AD}.Debug|Win32.Build.0 = Debug|Win32
		{BE9805E2-19ED-475A-828E-412231C6D0AD}.Release|Win32.ActiveCfg = Release|Win32
		{BE9805E2-19ED-475A-828E-412231C6D0AD}.Release|Win32.Build.0 = Release|Win32
		{BE9805E2-19ED-475A-828E-412231C6D0AD}.MinSizeRel|Win32.ActiveCfg = MinSizeRel|Win32
		{BE9805E2-19ED-475A-828E-412231C6D0AD}.MinSizeRel|Win32.Build.0 = MinSizeRel|Win32
		{BE9805E2-19ED-475A-828E-412231C6D0AD}.RelWithDebInfo|Win32.ActiveCfg = RelWithDebInfo|Win32
		{BE9805E2-19ED-475A-828E-412231C6D0AD}.RelWithDebInfo|Win32.Build.0 = RelWithDebInfo|Win32
		{B1E17DE8-8F9F-4746-9F80-7F210E80D2A3}.Debug|Win32.ActiveCfg = Debug|Win32
		{B1E17DE8-8F9F-4746-9F80-7F210E80D2A3}.Release|Win32.ActiveCfg = Release|Win32
		{B1E17DE8-8F9F-4746-9F80-7F210E80D2A3}.MinSizeRel|Win32.ActiveCfg = MinSizeRel|Win32
		{B1E17DE8-8F9F-4746-9F80-7F210E80D2A3}.RelWithDebInfo|Win32.ActiveCfg = RelWithDebInfo|Win32
		{EC905EF8-E540-41EA-9F1A-2C991304E66C}.Debug|Win32.ActiveCfg = Debug|Win32
		{EC905EF8-E540-41EA-9F1A-2C991304E66C}.Release|Win32.ActiveCfg = Release|Win32
		{EC905EF8-E540-41EA-9F1A-2C991304E66C}.MinSizeRel|Win32.ActiveCfg = MinSizeRel|Win32
		{EC905EF8-E540-41EA-9F1A-2C991304E66C}.RelWithDebInfo|Win32.ActiveCfg = RelWithDebInfo|Win32
		{DF6BDDBF-B0A1-4B4B-A96F-FB14D398D651}.Debug|Win32.ActiveCfg = Debug|Win32
		{DF6BDDBF-B0A1-4B4B-A96F-FB14D398D651}.Debug|Win32.Build.0 = Debug|Win32
		{DF6BDDBF-B0A1-4B4B-A96F-FB14D398D651}.Release|Win32.ActiveCfg = Release|Win32
		{DF6BDDBF-B0A1-4B4B-A96F-FB14D398D651}.Release|Win32.Build.0 = Release|Win32
		{DF6BDDBF-B0A1-4B4B-A96F-FB14D398D651}.MinSizeRel|Win32.ActiveCfg = MinSizeRel|Win32
		{DF6BDDBF-B0A1-4B4B-A96F-FB14D398D651}.MinSizeRel|Win32.Build.0 = MinSizeRel|Win32
		{DF6BDDBF-B0A1-4B4B-A96F-FB14D398D651}.RelWithDebInfo|Win32.ActiveCfg = RelWithDebInfo|Win32
		{DF6BDDBF-B0A1-4B4B-A96F-FB14D398D651}.RelWithDebInfo|Win32.Build.0 = RelWithDebInfo|Win32
		{07B9AD94-1234-40E3-BF7C-77CD2EB1D6A1}.Debug|Win32.ActiveCfg = Debug|Win32
		{07B9AD94-1234-40E3-BF7C-77CD2EB1D6A1}.Debug|Win32.Build.0 = Debug|Win32
		{07B9AD94-1234-40E3-BF7C-77CD2EB1D6A1}.Release|Win32.ActiveCfg = Release|Win32
		{07B9AD94-1234-40E3-BF7C-77CD2EB1D6A1}.Release|Win32.Build.0 = Release|Win32
		{07B9AD94-1234-40E3-BF7C-77CD2EB1D6A1}.MinSizeRel|Win32.ActiveCfg = MinSizeRel|Win32
		{07B9AD94-1234-40E3-BF7C-77CD2EB1D6A1}.MinSizeRel|Win32.Build.0 = MinSizeRel|Win32
		{07B9AD94-1234-40E3-BF7C-77CD2EB1D6A1}.RelWithDebInfo|Win32.ActiveCfg = RelWithDebInfo|Win32
		{07B9AD94-1234-40E3-BF7C-77CD2EB1D6A1}.RelWithDebInfo|Win32.Build.0 = RelWithDebInfo|Win32
		{D5881E6E-806A-457D-BB5B-6AFAD428B1CC}.Debug|Win32.ActiveCfg = Debug|Win32
		{D5881E6E-806A-457D-BB5B-6AFAD428B1CC}.Debug|Win32.Build.0 = Debug|Win32
		{D5881E6E-806A-457D-BB5B-6AFAD428B1CC}.Release|Win32.ActiveCfg = Release|Win32
		{D5881E6E-806A-457D-BB5B-6AFAD428B1CC}.Release|Win32.Build.0 = Release|Win32
		{D5881E6E-806A-457D-BB5B-6AFAD428B1CC}.MinSizeRel|Win32.ActiveCfg = MinSizeRel|Win32
		{D5881E6E-806A-457D-BB5B-6AFAD428B1CC}.MinSizeRel|Win32.Build.0 = MinSizeRel|Win32
		{D5881E6E-806A-457D-BB5B-6AFAD428B1CC}.RelWithDebInfo|Win32.ActiveCfg = RelWithDebInfo|Win32
		{D5881E6E-806A-457D-BB5B-6AFAD428B1CC}.RelWithDebInfo|Win32.Build.0 = RelWithDebInfo|Win32
		{EA2A4C40-A0E5-4E60-A26E-7BFAF83D4318}.Debug|Win32.ActiveCfg = Debug|Win32
		{EA2A4C40-A0E5-4E60-A26E-7BFAF83D4318}.Debug|Win32.Build.0 = Debug|Win32
		{EA2A4C40-A0E5-4E60-A26E-7BFAF83D4318}.Release|Win32.ActiveCfg = Release|Win32
		{EA2A4C40-A0E5-4E60-A26E-7BFAF83D4318}.Release|Win32.Build.0 = Release|Win32
		{EA2A4C40-A0E5-4E60-A26E-7BFAF83D4318}.MinSizeRel|Win32.ActiveCfg = MinSizeRel|Win32
		{EA2A4C40-A0E5-4E60-A26E-7BFAF83D4318}.MinSizeRel|Win32.Build.0 = MinSizeRel|Win32
		{EA2A4C40-A0E5-4E60-A26E-7BFAF83D4318}.RelWithDebInfo|Win32.ActiveCfg = RelWithDebInfo|Win32
		{EA2A4C40-A0E5-4E60-A26E-7BFAF83D4318}.RelWithDebInfo|Win32.Build.0 = RelWithDebInfo|Win32
		{77D81F5F-60FC-4859-8C94-047C5D0FB067}.Debug|Win32.ActiveCfg = Debug|Win32
		{77D81F5F-60FC-4859-8C94-047C5D0FB067}.Debug|Win32.Build.0 = Debug|Win32
		{77D81F5F-60FC-4859-8C94-047C5D0FB067}.Release|Win32.ActiveCfg = Release|Win32
		{77D81F5F-60FC-4859-8C94-047C5D0FB067}.Release|Win32.Build.0 = Release|Win32
		{77D81F5F-60FC-4859-8C94-047C5D0FB067}.MinSizeRel|Win32.ActiveCfg = MinSizeRel|Win32
		{77D81F5F-60FC-4859-8C94-047C5D0FB067}.MinSizeRel|Win32.Build.0 = MinSizeRel|Win32
		{77D81F5F-60FC-4859-8C94-047C5D0FB067}.RelWithDebInfo|Win32.ActiveCfg = RelWithDebInfo|Win32
		{77D81F5F-60FC-4859-8C94-047C5D0FB067}.RelWithDebInfo|Win32.Build.0 = RelWithDebInfo|Win32
		{427A37C2-21B2-4325-93D9-BB1E8F357301}.Debug|Win32.ActiveCfg = Debug|Win32
		{427A37C2-21B2-4325-93D9-BB1E8F357301}.Debug|Win32.Build.0 = Debug|Win32
		{427A37C2-21B2-4325-93D9-BB1E8F357301}.Release|Win32.ActiveCfg = Release|Win32
		{427A37C2-21B2-4325-93D9-BB1E8F357301}.Release|Win32.Build.0 = Release|Win32
		{427A37C2-21B2-4325-93D9-BB1E8F357301}.MinSizeRel|Win32.ActiveCfg = MinSizeRel|Win32
		{427A37C2-21B2-4325-93D9-BB1E8F357301}.MinSizeRel|Win32.Build.0 = MinSizeRel|Win32
		{427A37C2-21B2-4325-93D9-BB1E8F357301}.RelWithDebInfo|Win32.ActiveCfg = RelWithDebInfo|Win32
		{427A37C2-21B2-4325-93D9-BB1E8F357301}.RelWithDebInfo|Win32.Build.0 = RelWithDebInfo|Win32
		{ECD02E19-7763-4225-BB52-28706FFB5C3E}.Debug|Win32.ActiveCfg = Debug|Win32
		{ECD02E19-7763-4225-BB52-28706FFB5C3E}.Debug|Win32.Build.0 = Debug|Win32
		{ECD02E19-7763-4225-BB52-28706FFB5C3E}.Release|Win32.ActiveCfg = Release|Win32
		{ECD02E19-7763-4225-BB52-28706FFB5C3E}.Release|Win32.Build.0 = Release|Win32
		{ECD02E19-7763-4225-BB52-28706FFB5C3E}.MinSizeRel|Win32.ActiveCfg = MinSizeRel|Win32
		{ECD02E19-7763-4225-BB52-28706FFB5C3E}.MinSizeRel|Win32.Build.0 = MinSizeRel|Win32
		{ECD02E19-7763-4225-BB52-28706FFB5C3E}.RelWithDebInfo|Win32.ActiveCfg = RelWithDebInfo|Win32
		{ECD02E19-7763-4225-BB52-28706FFB5C3E}.RelWithDebInfo|Win32.Build.0 = RelWithDebInfo|Win32
		{45C743A2-A2B5-40C1-BC16-9C6EBF881A39}.Debug|Win32.ActiveCfg = Debug|Win32
		{45C743A2-A2B5-40C1-BC16-9C6EBF881A39}.Debug|Win32.Build.0 = Debug|Win32
		{45C743A2-A2B5-40C1-BC16-9C6EBF881A39}.Release|Win32.ActiveCfg = Release|Win32
		{45C743A2-A2B5-40C1-BC16-9C6EBF881A39}.Release|Win32.Build.0 = Release|Win32
		{45C743A2-A2B5-40C1-BC16-9C6EBF881A39}.MinSizeRel|Win32.ActiveCfg = MinSizeRel|Win32
		{45C743A2-A2B5-40C1-BC16-9C6EBF881A39}.MinSizeRel|Win32.Build.0 = MinSizeRel|Win32
		{45C743A2-A2B5-40C1-BC16-9C6EBF881A39}.RelWithDebInfo|Win32.ActiveCfg = RelWithDebInfo|Win32
		{45C743A2-A2B5-40C1-BC16-9C6EBF881A39}.RelWithDebInfo|Win32.Build.0 = RelWithDebInfo|Win32
		{286B5A48-0700-4923-9958-2ED7F88651D9}.Debug|Win32.ActiveCfg = Debug|Win32
		{286B5A48-0700-4923-9958-2ED7F88651D9}.Debug|Win32.Build.0 = Debug|Win32
		{286B5A48-0700-4923-9958-2ED7F88651D9}.Release|Win32.ActiveCfg = Release|Win32
		{286B5A48-0700-4923-9958-2ED7F88651D9}.Release|Win32.Build.0 = Release|Win32
		{286B5A48-0700-4923-9958-2ED7F88651D9}.MinSizeRel|Win32.ActiveCfg = MinSizeRel|Win32
		{286B5A48-0700-4923-9958-2ED7F88651D9}.MinSizeRel|Win32.Build.0 = MinSizeRel|Win32
		{286B5A48-0700-4923-9958-2ED7F88651D9}.RelWithDebInfo|Win32.ActiveCfg = RelWithDebInfo|Win32
		{286B5A48-0700-4923-9958-2ED7F88651D9}.RelWithDebInfo|Win32.Build.0 = RelWithDebInfo|Win32
		{67A360D2-BC20-4B26-B99F-C3C265E87A54}.Debug|Win32.ActiveCfg = Debug|Win32
		{67A360D2-BC20-4B26-B99F-C3C265E87A54}.Debug|Win32.Build.0 = Debug|Win32
		{67A360D2-BC20-4B26-B99F-C3C265E87A54}.Release|Win32.ActiveCfg = Release|Win32
		{67A360D2-BC20-4B26-B99F-C3C265E87A54}.Release|Win32.Build.0 = Release|Win32
		{67A360D2-BC20-4B26-B99F-C3C265E87A54}.MinSizeRel|Win32.ActiveCfg = MinSizeRel|Win32
		{67A360D2-BC20-4B26-B99F-C3C265E87A54}.MinSizeRel|Win32.Build.0 = MinSizeRel|Win32
		{67A360D2-BC20-4B26-B99F-C3C265E87A54}.RelWithDebInfo|Win32.ActiveCfg = RelWithDebInfo|Win32
		{67A360D2-BC20-4B26-B99F-C3C265E87A54}.RelWithDebInfo|Win32.Build.0 = RelWithDebInfo|Win32
		{6E7D3AC7-F1C2-40C1-B376-5684E3E75757}.Debug|Win32.ActiveCfg = Debug|Win32
		{6E7D3AC7-F1C2-40C1-B376-5684E3E75757}.Debug|Win32.Build.0 = Debug|Win32
		{6E7D3AC7-F1C2-40C1-B376-5684E3E75757}.Release|Win32.ActiveCfg = Release|Win32
		{6E7D3AC7-F1C2-40C1-B376-5684E3E75757}.Release|Win32.Build.0 = Release|Win32
		{6E7D3AC7-F1C2-40C1-B376-5684E3E75757}.MinSizeRel|Win32.ActiveCfg = MinSizeRel|Win32
		{6E7D3AC7-F1C2-40C1-B376-5684E3E75757}.MinSizeRel|Win32.Build.0 = MinSizeRel|Win32
		{6E7D3AC7-F1C2-40C1-B376-5684E3E75757}.RelWithDebInfo|Win32.ActiveCfg = RelWithDebInfo|Win32
		{6E7D3AC7-F1C2-40C1-B376-5684E3E75757}.RelWithDebInfo|Win32.Build.0 = RelWithDebInfo|Win32
		{FA8F5DF3-7654-4921-ACB1-28DAF6B7C881}.Debug|Win32.ActiveCfg = Debug|Win32
		{FA8F5DF3-7654-4921-ACB1-28DAF6B7C881}.Debug|Win32.Build.0 = Debug|Win32
		{FA8F5DF3-7654-4921-ACB1-28DAF6B7C881}.Release|Win32.ActiveCfg = Release|Win32
		{FA8F5DF3-7654-4921-ACB1-28DAF6B7C881}.Release|Win32.Build.0 = Release|Win32
		{FA8F5DF3-7654-4921-ACB1-28DAF6B7C881}.MinSizeRel|Win32.ActiveCfg = MinSizeRel|Win32
		{FA8F5DF3-7654-4921-ACB1-28DAF6B7C881}.MinSizeRel|Win32.Build.0 = MinSizeRel|Win32
		{FA8F5DF3-7654-4921-ACB1-28DAF6B7C881}.RelWithDebInfo|Win32.ActiveCfg = RelWithDebInfo|Win32
		{FA8F5DF3-7654-4921-ACB1-28DAF6B7C881}.RelWithDebInfo|Win32.Build.0 = RelWithDebInfo|Win32
	EndGlobalSection
	GlobalSection(ExtensibilityGlobals) = postSolution
	EndGlobalSection
	GlobalSection(ExtensibilityAddIns) = postSolution
	EndGlobalSection
EndGlobal
