Microsoft Visual Studio Solution File, Format Version 9.00
# Visual Studio 2005
Project("{8BC9CEB8-8B4A-11D0-8D11-00A0C91BC942}") = "ALL_BUILD", ".\ALL_BUILD.vcproj", "{906C8CC2-B8ED-48E8-B830-F22368683444}"
	ProjectSection(ProjectDependencies) = postProject
		{A090991F-DBCA-4A5B-ABE7-4062AA72864E} = {A090991F-DBCA-4A5B-ABE7-4062AA72864E}
		{CDC62F96-D062-4BDE-9C95-43622C5170C6} = {CDC62F96-D062-4BDE-9C95-43622C5170C6}
		{352C29F1-40B9-4628-A5F2-723C1B68CCFA} = {352C29F1-40B9-4628-A5F2-723C1B68CCFA}
		{FD60B7F3-799D-4A19-9465-69AED6D3A254} = {FD60B7F3-799D-4A19-9465-69AED6D3A254}
		{6994FF72-0078-4C0A-B662-65E27EF5FFD1} = {6994FF72-0078-4C0A-B662-65E27EF5FFD1}
		{C28AF516-D7F2-4A6E-AC4D-47669104606F} = {C28AF516-D7F2-4A6E-AC4D-47669104606F}
		{544AC587-D9DF-4520-8BB4-44E98F5D7AEA} = {544AC587-D9DF-4520-8BB4-44E98F5D7AEA}
		{BB780773-A979-4965-A381-55C70C7F32B0} = {BB780773-A979-4965-A381-55C70C7F32B0}
		{BC8249A9-79FF-4F71-8AE3-905D0D5A3B9E} = {BC8249A9-79FF-4F71-8AE3-905D0D5A3B9E}
		{E2DED601-6003-4F0A-879E-C438CE20BBF4} = {E2DED601-6003-4F0A-879E-C438CE20BBF4}
	EndProjectSection
EndProject
Project("{8BC9CEB8-8B4A-11D0-8D11-00A0C91BC942}") = "INSTALL", ".\INSTALL.vcproj", "{AD0B05F6-5658-42A6-A43F-682AB48E0272}"
	ProjectSection(ProjectDependencies) = postProject
		{906C8CC2-B8ED-48E8-B830-F22368683444} = {906C8CC2-B8ED-48E8-B830-F22368683444}
	EndProjectSection
EndProject
Project("{8BC9CEB8-8B4A-11D0-8D11-00A0C91BC942}") = "RUN_TESTS", ".\RUN_TESTS.vcproj", "{F0FB3818-A2EF-4AF1-96DA-81A5A6EA2FF0}"
	ProjectSection(ProjectDependencies) = postProject
	EndProjectSection
EndProject
Project("{8BC9CEB8-8B4A-11D0-8D11-00A0C91BC942}") = "ZERO_CHECK", ".\ZERO_CHECK.vcproj", "{A090991F-DBCA-4A5B-ABE7-4062AA72864E}"
	ProjectSection(ProjectDependencies) = postProject
	EndProjectSection
EndProject
Project("{8BC9CEB8-8B4A-11D0-8D11-00A0C91BC942}") = "pdf-fullrewrite", "test\pdf-fullrewrite.vcproj", "{CDC62F96-D062-4BDE-9C95-43622C5170C6}"
	ProjectSection(ProjectDependencies) = postProject
		{A090991F-DBCA-4A5B-ABE7-4062AA72864E} = {A090991F-DBCA-4A5B-ABE7-4062AA72864E}
		{E2DED601-6003-4F0A-879E-C438CE20BBF4} = {E2DED601-6003-4F0A-879E-C438CE20BBF4}
	EndProjectSection
EndProject
Project("{8BC9CEB8-8B4A-11D0-8D11-00A0C91BC942}") = "pdffonts", "utils\pdffonts.vcproj", "{352C29F1-40B9-4628-A5F2-723C1B68CCFA}"
	ProjectSection(ProjectDependencies) = postProject
		{A090991F-DBCA-4A5B-ABE7-4062AA72864E} = {A090991F-DBCA-4A5B-ABE7-4062AA72864E}
		{E2DED601-6003-4F0A-879E-C438CE20BBF4} = {E2DED601-6003-4F0A-879E-C438CE20BBF4}
	EndProjectSection
EndProject
Project("{8BC9CEB8-8B4A-11D0-8D11-00A0C91BC942}") = "pdfimages", "utils\pdfimages.vcproj", "{FD60B7F3-799D-4A19-9465-69AED6D3A254}"
	ProjectSection(ProjectDependencies) = postProject
		{A090991F-DBCA-4A5B-ABE7-4062AA72864E} = {A090991F-DBCA-4A5B-ABE7-4062AA72864E}
		{E2DED601-6003-4F0A-879E-C438CE20BBF4} = {E2DED601-6003-4F0A-879E-C438CE20BBF4}
	EndProjectSection
EndProject
Project("{8BC9CEB8-8B4A-11D0-8D11-00A0C91BC942}") = "pdfinfo", "utils\pdfinfo.vcproj", "{6994FF72-0078-4C0A-B662-65E27EF5FFD1}"
	ProjectSection(ProjectDependencies) = postProject
		{A090991F-DBCA-4A5B-ABE7-4062AA72864E} = {A090991F-DBCA-4A5B-ABE7-4062AA72864E}
		{E2DED601-6003-4F0A-879E-C438CE20BBF4} = {E2DED601-6003-4F0A-879E-C438CE20BBF4}
	EndProjectSection
EndProject
Project("{8BC9CEB8-8B4A-11D0-8D11-00A0C91BC942}") = "pdftohtml", "utils\pdftohtml.vcproj", "{C28AF516-D7F2-4A6E-AC4D-47669104606F}"
	ProjectSection(ProjectDependencies) = postProject
		{A090991F-DBCA-4A5B-ABE7-4062AA72864E} = {A090991F-DBCA-4A5B-ABE7-4062AA72864E}
		{E2DED601-6003-4F0A-879E-C438CE20BBF4} = {E2DED601-6003-4F0A-879E-C438CE20BBF4}
	EndProjectSection
EndProject
Project("{8BC9CEB8-8B4A-11D0-8D11-00A0C91BC942}") = "pdftoppm", "utils\pdftoppm.vcproj", "{544AC587-D9DF-4520-8BB4-44E98F5D7AEA}"
	ProjectSection(ProjectDependencies) = postProject
		{A090991F-DBCA-4A5B-ABE7-4062AA72864E} = {A090991F-DBCA-4A5B-ABE7-4062AA72864E}
		{E2DED601-6003-4F0A-879E-C438CE20BBF4} = {E2DED601-6003-4F0A-879E-C438CE20BBF4}
	EndProjectSection
EndProject
Project("{8BC9CEB8-8B4A-11D0-8D11-00A0C91BC942}") = "pdftops", "utils\pdftops.vcproj", "{BB780773-A979-4965-A381-55C70C7F32B0}"
	ProjectSection(ProjectDependencies) = postProject
		{A090991F-DBCA-4A5B-ABE7-4062AA72864E} = {A090991F-DBCA-4A5B-ABE7-4062AA72864E}
		{E2DED601-6003-4F0A-879E-C438CE20BBF4} = {E2DED601-6003-4F0A-879E-C438CE20BBF4}
	EndProjectSection
EndProject
Project("{8BC9CEB8-8B4A-11D0-8D11-00A0C91BC942}") = "pdftotext", "utils\pdftotext.vcproj", "{BC8249A9-79FF-4F71-8AE3-905D0D5A3B9E}"
	ProjectSection(ProjectDependencies) = postProject
		{A090991F-DBCA-4A5B-ABE7-4062AA72864E} = {A090991F-DBCA-4A5B-ABE7-4062AA72864E}
		{E2DED601-6003-4F0A-879E-C438CE20BBF4} = {E2DED601-6003-4F0A-879E-C438CE20BBF4}
	EndProjectSection
EndProject
Project("{8BC9CEB8-8B4A-11D0-8D11-00A0C91BC942}") = "poppler", ".\poppler.vcproj", "{E2DED601-6003-4F0A-879E-C438CE20BBF4}"
	ProjectSection(ProjectDependencies) = postProject
		{A090991F-DBCA-4A5B-ABE7-4062AA72864E} = {A090991F-DBCA-4A5B-ABE7-4062AA72864E}
	EndProjectSection
EndProject
Global
	GlobalSection(SolutionConfigurationPlatforms) = preSolution
		Debug|Win32 = Debug|Win32
		Release|Win32 = Release|Win32
		MinSizeRel|Win32 = MinSizeRel|Win32
		RelWithDebInfo|Win32 = RelWithDebInfo|Win32
	EndGlobalSection
	GlobalSection(ProjectConfigurationPlatforms) = postSolution
		{906C8CC2-B8ED-48E8-B830-F22368683444}.Debug|Win32.ActiveCfg = Debug|Win32
		{906C8CC2-B8ED-48E8-B830-F22368683444}.Debug|Win32.Build.0 = Debug|Win32
		{906C8CC2-B8ED-48E8-B830-F22368683444}.Release|Win32.ActiveCfg = Release|Win32
		{906C8CC2-B8ED-48E8-B830-F22368683444}.Release|Win32.Build.0 = Release|Win32
		{906C8CC2-B8ED-48E8-B830-F22368683444}.MinSizeRel|Win32.ActiveCfg = MinSizeRel|Win32
		{906C8CC2-B8ED-48E8-B830-F22368683444}.MinSizeRel|Win32.Build.0 = MinSizeRel|Win32
		{906C8CC2-B8ED-48E8-B830-F22368683444}.RelWithDebInfo|Win32.ActiveCfg = RelWithDebInfo|Win32
		{906C8CC2-B8ED-48E8-B830-F22368683444}.RelWithDebInfo|Win32.Build.0 = RelWithDebInfo|Win32
		{AD0B05F6-5658-42A6-A43F-682AB48E0272}.Debug|Win32.ActiveCfg = Debug|Win32
		{AD0B05F6-5658-42A6-A43F-682AB48E0272}.Release|Win32.ActiveCfg = Release|Win32
		{AD0B05F6-5658-42A6-A43F-682AB48E0272}.MinSizeRel|Win32.ActiveCfg = MinSizeRel|Win32
		{AD0B05F6-5658-42A6-A43F-682AB48E0272}.RelWithDebInfo|Win32.ActiveCfg = RelWithDebInfo|Win32
		{F0FB3818-A2EF-4AF1-96DA-81A5A6EA2FF0}.Debug|Win32.ActiveCfg = Debug|Win32
		{F0FB3818-A2EF-4AF1-96DA-81A5A6EA2FF0}.Release|Win32.ActiveCfg = Release|Win32
		{F0FB3818-A2EF-4AF1-96DA-81A5A6EA2FF0}.MinSizeRel|Win32.ActiveCfg = MinSizeRel|Win32
		{F0FB3818-A2EF-4AF1-96DA-81A5A6EA2FF0}.RelWithDebInfo|Win32.ActiveCfg = RelWithDebInfo|Win32
		{A090991F-DBCA-4A5B-ABE7-4062AA72864E}.Debug|Win32.ActiveCfg = Debug|Win32
		{A090991F-DBCA-4A5B-ABE7-4062AA72864E}.Debug|Win32.Build.0 = Debug|Win32
		{A090991F-DBCA-4A5B-ABE7-4062AA72864E}.Release|Win32.ActiveCfg = Release|Win32
		{A090991F-DBCA-4A5B-ABE7-4062AA72864E}.Release|Win32.Build.0 = Release|Win32
		{A090991F-DBCA-4A5B-ABE7-4062AA72864E}.MinSizeRel|Win32.ActiveCfg = MinSizeRel|Win32
		{A090991F-DBCA-4A5B-ABE7-4062AA72864E}.MinSizeRel|Win32.Build.0 = MinSizeRel|Win32
		{A090991F-DBCA-4A5B-ABE7-4062AA72864E}.RelWithDebInfo|Win32.ActiveCfg = RelWithDebInfo|Win32
		{A090991F-DBCA-4A5B-ABE7-4062AA72864E}.RelWithDebInfo|Win32.Build.0 = RelWithDebInfo|Win32
		{CDC62F96-D062-4BDE-9C95-43622C5170C6}.Debug|Win32.ActiveCfg = Debug|Win32
		{CDC62F96-D062-4BDE-9C95-43622C5170C6}.Debug|Win32.Build.0 = Debug|Win32
		{CDC62F96-D062-4BDE-9C95-43622C5170C6}.Release|Win32.ActiveCfg = Release|Win32
		{CDC62F96-D062-4BDE-9C95-43622C5170C6}.Release|Win32.Build.0 = Release|Win32
		{CDC62F96-D062-4BDE-9C95-43622C5170C6}.MinSizeRel|Win32.ActiveCfg = MinSizeRel|Win32
		{CDC62F96-D062-4BDE-9C95-43622C5170C6}.MinSizeRel|Win32.Build.0 = MinSizeRel|Win32
		{CDC62F96-D062-4BDE-9C95-43622C5170C6}.RelWithDebInfo|Win32.ActiveCfg = RelWithDebInfo|Win32
		{CDC62F96-D062-4BDE-9C95-43622C5170C6}.RelWithDebInfo|Win32.Build.0 = RelWithDebInfo|Win32
		{352C29F1-40B9-4628-A5F2-723C1B68CCFA}.Debug|Win32.ActiveCfg = Debug|Win32
		{352C29F1-40B9-4628-A5F2-723C1B68CCFA}.Debug|Win32.Build.0 = Debug|Win32
		{352C29F1-40B9-4628-A5F2-723C1B68CCFA}.Release|Win32.ActiveCfg = Release|Win32
		{352C29F1-40B9-4628-A5F2-723C1B68CCFA}.Release|Win32.Build.0 = Release|Win32
		{352C29F1-40B9-4628-A5F2-723C1B68CCFA}.MinSizeRel|Win32.ActiveCfg = MinSizeRel|Win32
		{352C29F1-40B9-4628-A5F2-723C1B68CCFA}.MinSizeRel|Win32.Build.0 = MinSizeRel|Win32
		{352C29F1-40B9-4628-A5F2-723C1B68CCFA}.RelWithDebInfo|Win32.ActiveCfg = RelWithDebInfo|Win32
		{352C29F1-40B9-4628-A5F2-723C1B68CCFA}.RelWithDebInfo|Win32.Build.0 = RelWithDebInfo|Win32
		{FD60B7F3-799D-4A19-9465-69AED6D3A254}.Debug|Win32.ActiveCfg = Debug|Win32
		{FD60B7F3-799D-4A19-9465-69AED6D3A254}.Debug|Win32.Build.0 = Debug|Win32
		{FD60B7F3-799D-4A19-9465-69AED6D3A254}.Release|Win32.ActiveCfg = Release|Win32
		{FD60B7F3-799D-4A19-9465-69AED6D3A254}.Release|Win32.Build.0 = Release|Win32
		{FD60B7F3-799D-4A19-9465-69AED6D3A254}.MinSizeRel|Win32.ActiveCfg = MinSizeRel|Win32
		{FD60B7F3-799D-4A19-9465-69AED6D3A254}.MinSizeRel|Win32.Build.0 = MinSizeRel|Win32
		{FD60B7F3-799D-4A19-9465-69AED6D3A254}.RelWithDebInfo|Win32.ActiveCfg = RelWithDebInfo|Win32
		{FD60B7F3-799D-4A19-9465-69AED6D3A254}.RelWithDebInfo|Win32.Build.0 = RelWithDebInfo|Win32
		{6994FF72-0078-4C0A-B662-65E27EF5FFD1}.Debug|Win32.ActiveCfg = Debug|Win32
		{6994FF72-0078-4C0A-B662-65E27EF5FFD1}.Debug|Win32.Build.0 = Debug|Win32
		{6994FF72-0078-4C0A-B662-65E27EF5FFD1}.Release|Win32.ActiveCfg = Release|Win32
		{6994FF72-0078-4C0A-B662-65E27EF5FFD1}.Release|Win32.Build.0 = Release|Win32
		{6994FF72-0078-4C0A-B662-65E27EF5FFD1}.MinSizeRel|Win32.ActiveCfg = MinSizeRel|Win32
		{6994FF72-0078-4C0A-B662-65E27EF5FFD1}.MinSizeRel|Win32.Build.0 = MinSizeRel|Win32
		{6994FF72-0078-4C0A-B662-65E27EF5FFD1}.RelWithDebInfo|Win32.ActiveCfg = RelWithDebInfo|Win32
		{6994FF72-0078-4C0A-B662-65E27EF5FFD1}.RelWithDebInfo|Win32.Build.0 = RelWithDebInfo|Win32
		{C28AF516-D7F2-4A6E-AC4D-47669104606F}.Debug|Win32.ActiveCfg = Debug|Win32
		{C28AF516-D7F2-4A6E-AC4D-47669104606F}.Debug|Win32.Build.0 = Debug|Win32
		{C28AF516-D7F2-4A6E-AC4D-47669104606F}.Release|Win32.ActiveCfg = Release|Win32
		{C28AF516-D7F2-4A6E-AC4D-47669104606F}.Release|Win32.Build.0 = Release|Win32
		{C28AF516-D7F2-4A6E-AC4D-47669104606F}.MinSizeRel|Win32.ActiveCfg = MinSizeRel|Win32
		{C28AF516-D7F2-4A6E-AC4D-47669104606F}.MinSizeRel|Win32.Build.0 = MinSizeRel|Win32
		{C28AF516-D7F2-4A6E-AC4D-47669104606F}.RelWithDebInfo|Win32.ActiveCfg = RelWithDebInfo|Win32
		{C28AF516-D7F2-4A6E-AC4D-47669104606F}.RelWithDebInfo|Win32.Build.0 = RelWithDebInfo|Win32
		{544AC587-D9DF-4520-8BB4-44E98F5D7AEA}.Debug|Win32.ActiveCfg = Debug|Win32
		{544AC587-D9DF-4520-8BB4-44E98F5D7AEA}.Debug|Win32.Build.0 = Debug|Win32
		{544AC587-D9DF-4520-8BB4-44E98F5D7AEA}.Release|Win32.ActiveCfg = Release|Win32
		{544AC587-D9DF-4520-8BB4-44E98F5D7AEA}.Release|Win32.Build.0 = Release|Win32
		{544AC587-D9DF-4520-8BB4-44E98F5D7AEA}.MinSizeRel|Win32.ActiveCfg = MinSizeRel|Win32
		{544AC587-D9DF-4520-8BB4-44E98F5D7AEA}.MinSizeRel|Win32.Build.0 = MinSizeRel|Win32
		{544AC587-D9DF-4520-8BB4-44E98F5D7AEA}.RelWithDebInfo|Win32.ActiveCfg = RelWithDebInfo|Win32
		{544AC587-D9DF-4520-8BB4-44E98F5D7AEA}.RelWithDebInfo|Win32.Build.0 = RelWithDebInfo|Win32
		{BB780773-A979-4965-A381-55C70C7F32B0}.Debug|Win32.ActiveCfg = Debug|Win32
		{BB780773-A979-4965-A381-55C70C7F32B0}.Debug|Win32.Build.0 = Debug|Win32
		{BB780773-A979-4965-A381-55C70C7F32B0}.Release|Win32.ActiveCfg = Release|Win32
		{BB780773-A979-4965-A381-55C70C7F32B0}.Release|Win32.Build.0 = Release|Win32
		{BB780773-A979-4965-A381-55C70C7F32B0}.MinSizeRel|Win32.ActiveCfg = MinSizeRel|Win32
		{BB780773-A979-4965-A381-55C70C7F32B0}.MinSizeRel|Win32.Build.0 = MinSizeRel|Win32
		{BB780773-A979-4965-A381-55C70C7F32B0}.RelWithDebInfo|Win32.ActiveCfg = RelWithDebInfo|Win32
		{BB780773-A979-4965-A381-55C70C7F32B0}.RelWithDebInfo|Win32.Build.0 = RelWithDebInfo|Win32
		{BC8249A9-79FF-4F71-8AE3-905D0D5A3B9E}.Debug|Win32.ActiveCfg = Debug|Win32
		{BC8249A9-79FF-4F71-8AE3-905D0D5A3B9E}.Debug|Win32.Build.0 = Debug|Win32
		{BC8249A9-79FF-4F71-8AE3-905D0D5A3B9E}.Release|Win32.ActiveCfg = Release|Win32
		{BC8249A9-79FF-4F71-8AE3-905D0D5A3B9E}.Release|Win32.Build.0 = Release|Win32
		{BC8249A9-79FF-4F71-8AE3-905D0D5A3B9E}.MinSizeRel|Win32.ActiveCfg = MinSizeRel|Win32
		{BC8249A9-79FF-4F71-8AE3-905D0D5A3B9E}.MinSizeRel|Win32.Build.0 = MinSizeRel|Win32
		{BC8249A9-79FF-4F71-8AE3-905D0D5A3B9E}.RelWithDebInfo|Win32.ActiveCfg = RelWithDebInfo|Win32
		{BC8249A9-79FF-4F71-8AE3-905D0D5A3B9E}.RelWithDebInfo|Win32.Build.0 = RelWithDebInfo|Win32
		{E2DED601-6003-4F0A-879E-C438CE20BBF4}.Debug|Win32.ActiveCfg = Debug|Win32
		{E2DED601-6003-4F0A-879E-C438CE20BBF4}.Debug|Win32.Build.0 = Debug|Win32
		{E2DED601-6003-4F0A-879E-C438CE20BBF4}.Release|Win32.ActiveCfg = Release|Win32
		{E2DED601-6003-4F0A-879E-C438CE20BBF4}.Release|Win32.Build.0 = Release|Win32
		{E2DED601-6003-4F0A-879E-C438CE20BBF4}.MinSizeRel|Win32.ActiveCfg = MinSizeRel|Win32
		{E2DED601-6003-4F0A-879E-C438CE20BBF4}.MinSizeRel|Win32.Build.0 = MinSizeRel|Win32
		{E2DED601-6003-4F0A-879E-C438CE20BBF4}.RelWithDebInfo|Win32.ActiveCfg = RelWithDebInfo|Win32
		{E2DED601-6003-4F0A-879E-C438CE20BBF4}.RelWithDebInfo|Win32.Build.0 = RelWithDebInfo|Win32
	EndGlobalSection
	GlobalSection(ExtensibilityGlobals) = postSolution
	EndGlobalSection
	GlobalSection(ExtensibilityAddIns) = postSolution
	EndGlobalSection
EndGlobal
